
Microsoft Visual Studio Solution File, Format Version 12.00
# Visual Studio Version 17
VisualStudioVersion = 17.5.33516.290
MinimumVisualStudioVersion = 10.0.40219.1
Project("{FAE04EC0-301F-11D3-BF4B-00C04F79EFBC}") = "GigE-Cam-Simulator", "GigE-Cam-Simulator.csproj", "{D4DD3926-E9DF-4CB2-B511-FB65119B870C}"
EndProject
Global
	GlobalSection(SolutionConfigurationPlatforms) = preSolution
		Debug|Any CPU = Debug|Any CPU
		Release|Any CPU = Release|Any CPU
	EndGlobalSection
	GlobalSection(ProjectConfigurationPlatforms) = postSolution
		{D4DD3926-E9DF-4CB2-B511-FB65119B870C}.Debug|Any CPU.ActiveCfg = Debug|Any CPU
		{D4DD3926-E9DF-4CB2-B511-FB65119B870C}.Debug|Any CPU.Build.0 = Debug|Any CPU
		{D4DD3926-E9DF-4CB2-B511-FB65119B870C}.Release|Any CPU.ActiveCfg = Release|Any CPU
		{D4DD3926-E9DF-4CB2-B511-FB65119B870C}.Release|Any CPU.Build.0 = Release|Any CPU
	EndGlobalSection
	GlobalSection(SolutionProperties) = preSolution
		HideSolutionNode = FALSE
	EndGlobalSection
	GlobalSection(ExtensibilityGlobals) = postSolution
		SolutionGuid = {60984E62-BBBB-4935-B03C-01A9A9997EAF}
	EndGlobalSection
EndGlobal
